
Microsoft Visual Studio Solution File, Format Version 12.00
# Visual Studio Version 16
VisualStudioVersion = 16.0.30011.22
MinimumVisualStudioVersion = 10.0.40219.1
Project("{FAE04EC0-301F-11D3-BF4B-00C04F79EFBC}") = "HaloPolymer", "HaloPolymer\HaloPolymer.csproj", "{C1477D95-1F78-4018-B60C-8722BBB9C5BA}"
EndProject
Global
	GlobalSection(SolutionConfigurationPlatforms) = preSolution
		Debug|Any CPU = Debug|Any CPU
		Release|Any CPU = Release|Any CPU
	EndGlobalSection
	GlobalSection(ProjectConfigurationPlatforms) = postSolution
		{C1477D95-1F78-4018-B60C-8722BBB9C5BA}.Debug|Any CPU.ActiveCfg = Debug|Any CPU
		{C1477D95-1F78-4018-B60C-8722BBB9C5BA}.Debug|Any CPU.Build.0 = Debug|Any CPU
		{C1477D95-1F78-4018-B60C-8722BBB9C5BA}.Release|Any CPU.ActiveCfg = Release|Any CPU
		{C1477D95-1F78-4018-B60C-8722BBB9C5BA}.Release|Any CPU.Build.0 = Release|Any CPU
	EndGlobalSection
	GlobalSection(SolutionProperties) = preSolution
		HideSolutionNode = FALSE
	EndGlobalSection
	GlobalSection(ExtensibilityGlobals) = postSolution
		SolutionGuid = {7A104473-74A8-44F0-8B41-252A5C914C5D}
	EndGlobalSection
EndGlobal
